// !$*UTF8*$!
{
	archiveVersion = 1;
	classes = {
	};
	objectVersion = 46;
	objects = {

/* Begin PBXBuildFile section */
		1490DE931AE00C05004616C9 /* scheduler.cpp in Sources */ = {isa = PBXBuildFile; fileRef = 1490DE911AE00C05004616C9 /* scheduler.cpp */; };
		1490DE941AE00C05004616C9 /* scheduler.h in Headers */ = {isa = PBXBuildFile; fileRef = 1490DE921AE00C05004616C9 /* scheduler.h */; };
		14A051991ACF2791000A0565 /* CoreFoundation.framework in Frameworks */ = {isa = PBXBuildFile; fileRef = 14A051981ACF2791000A0565 /* CoreFoundation.framework */; };
/* End PBXBuildFile section */

/* Begin PBXFileReference section */
		1490DE901AE00833004616C9 /* event.bundle */ = {isa = PBXFileReference; explicitFileType = wrapper.cfbundle; includeInIndex = 0; name = event.bundle; path = "/Users/andripetur/Desktop/Hans les1/sogmHans/build/Debug/event.bundle"; sourceTree = "<absolute>"; };
		1490DE911AE00C05004616C9 /* scheduler.cpp */ = {isa = PBXFileReference; fileEncoding = 4; lastKnownFileType = sourcecode.cpp.cpp; path = scheduler.cpp; sourceTree = "<group>"; };
		1490DE921AE00C05004616C9 /* scheduler.h */ = {isa = PBXFileReference; fileEncoding = 4; lastKnownFileType = sourcecode.c.h; path = scheduler.h; sourceTree = "<group>"; };
		14A0518C1ACD9A05000A0565 /* event.cpp */ = {isa = PBXFileReference; lastKnownFileType = sourcecode.cpp.cpp; path = event.cpp; sourceTree = "<group>"; };
		14A0518D1ACD9A05000A0565 /* event.h */ = {isa = PBXFileReference; lastKnownFileType = sourcecode.c.h; path = event.h; sourceTree = "<group>"; };
		14A0518E1ACD9A33000A0565 /* main.cpp */ = {isa = PBXFileReference; lastKnownFileType = sourcecode.cpp.cpp; path = main.cpp; sourceTree = "<group>"; };
		14A051981ACF2791000A0565 /* CoreFoundation.framework */ = {isa = PBXFileReference; lastKnownFileType = wrapper.framework; name = CoreFoundation.framework; path = System/Library/Frameworks/CoreFoundation.framework; sourceTree = SDKROOT; };
/* End PBXFileReference section */

/* Begin PBXFrameworksBuildPhase section */
		14A051921ACF2791000A0565 /* Frameworks */ = {
			isa = PBXFrameworksBuildPhase;
			buildActionMask = 2147483647;
			files = (
				14A051991ACF2791000A0565 /* CoreFoundation.framework in Frameworks */,
			);
			runOnlyForDeploymentPostprocessing = 0;
		};
/* End PBXFrameworksBuildPhase section */

/* Begin PBXGroup section */
		14A051851ACD99F0000A0565 = {
			isa = PBXGroup;
			children = (
				1490DE911AE00C05004616C9 /* scheduler.cpp */,
				1490DE921AE00C05004616C9 /* scheduler.h */,
				14A0518E1ACD9A33000A0565 /* main.cpp */,
				14A0518C1ACD9A05000A0565 /* event.cpp */,
				14A0518D1ACD9A05000A0565 /* event.h */,
				14A051971ACF2791000A0565 /* Frameworks */,
			);
			sourceTree = "<group>";
		};
		14A051971ACF2791000A0565 /* Frameworks */ = {
			isa = PBXGroup;
			children = (
				14A051981ACF2791000A0565 /* CoreFoundation.framework */,
			);
			name = Frameworks;
			sourceTree = "<group>";
		};
/* End PBXGroup section */

/* Begin PBXHeadersBuildPhase section */
		14A051931ACF2791000A0565 /* Headers */ = {
			isa = PBXHeadersBuildPhase;
			buildActionMask = 2147483647;
			files = (
				1490DE941AE00C05004616C9 /* scheduler.h in Headers */,
			);
			runOnlyForDeploymentPostprocessing = 0;
		};
/* End PBXHeadersBuildPhase section */

/* Begin PBXNativeTarget section */
		14A051941ACF2791000A0565 /* event */ = {
			isa = PBXNativeTarget;
			buildConfigurationList = 14A0519B1ACF2791000A0565 /* Build configuration list for PBXNativeTarget "event" */;
			buildPhases = (
				14A051911ACF2791000A0565 /* Sources */,
				14A051921ACF2791000A0565 /* Frameworks */,
				14A051931ACF2791000A0565 /* Headers */,
			);
			buildRules = (
			);
			dependencies = (
			);
			name = event;
			productName = event;
			productReference = 1490DE901AE00833004616C9 /* event.bundle */;
			productType = "com.apple.product-type.bundle";
		};
/* End PBXNativeTarget section */

/* Begin PBXProject section */
		14A051861ACD99F0000A0565 /* Project object */ = {
			isa = PBXProject;
			attributes = {
				LastUpgradeCheck = 0620;
				TargetAttributes = {
					14A051941ACF2791000A0565 = {
						CreatedOnToolsVersion = 6.2;
					};
				};
			};
			buildConfigurationList = 14A051891ACD99F0000A0565 /* Build configuration list for PBXProject "sogmHans" */;
			compatibilityVersion = "Xcode 3.2";
			developmentRegion = English;
			hasScannedForEncodings = 0;
			knownRegions = (
				en,
			);
			mainGroup = 14A051851ACD99F0000A0565;
			productRefGroup = 14A051851ACD99F0000A0565;
			projectDirPath = "";
			projectRoot = "";
			targets = (
				14A051941ACF2791000A0565 /* event */,
			);
		};
/* End PBXProject section */

/* Begin PBXSourcesBuildPhase section */
		14A051911ACF2791000A0565 /* Sources */ = {
			isa = PBXSourcesBuildPhase;
			buildActionMask = 2147483647;
			files = (
				1490DE931AE00C05004616C9 /* scheduler.cpp in Sources */,
			);
			runOnlyForDeploymentPostprocessing = 0;
		};
/* End PBXSourcesBuildPhase section */

/* Begin XCBuildConfiguration section */
		14A0518A1ACD99F0000A0565 /* Debug */ = {
			isa = XCBuildConfiguration;
			buildSettings = {
			};
			name = Debug;
		};
		14A0518B1ACD99F0000A0565 /* Release */ = {
			isa = XCBuildConfiguration;
			buildSettings = {
			};
			name = Release;
		};
		14A0519C1ACF2791000A0565 /* Debug */ = {
			isa = XCBuildConfiguration;
			buildSettings = {
				ALWAYS_SEARCH_USER_PATHS = NO;
				CLANG_CXX_LANGUAGE_STANDARD = "gnu++0x";
				CLANG_CXX_LIBRARY = "libc++";
				CLANG_ENABLE_MODULES = YES;
				CLANG_ENABLE_OBJC_ARC = YES;
				CLANG_WARN_BOOL_CONVERSION = YES;
				CLANG_WARN_CONSTANT_CONVERSION = YES;
				CLANG_WARN_DIRECT_OBJC_ISA_USAGE = YES_ERROR;
				CLANG_WARN_EMPTY_BODY = YES;
				CLANG_WARN_ENUM_CONVERSION = YES;
				CLANG_WARN_INT_CONVERSION = YES;
				CLANG_WARN_OBJC_ROOT_CLASS = YES_ERROR;
				CLANG_WARN_UNREACHABLE_CODE = YES;
				CLANG_WARN__DUPLICATE_METHOD_MATCH = YES;
				COMBINE_HIDPI_IMAGES = YES;
				COPY_PHASE_STRIP = NO;
				ENABLE_STRICT_OBJC_MSGSEND = YES;
				GCC_C_LANGUAGE_STANDARD = gnu99;
				GCC_DYNAMIC_NO_PIC = NO;
				GCC_OPTIMIZATION_LEVEL = 0;
				GCC_PREPROCESSOR_DEFINITIONS = (
					"DEBUG=1",
					"$(inherited)",
				);
				GCC_SYMBOLS_PRIVATE_EXTERN = NO;
				GCC_WARN_64_TO_32_BIT_CONVERSION = YES;
				GCC_WARN_ABOUT_RETURN_TYPE = YES_ERROR;
				GCC_WARN_UNDECLARED_SELECTOR = YES;
				GCC_WARN_UNINITIALIZED_AUTOS = YES_AGGRESSIVE;
				GCC_WARN_UNUSED_FUNCTION = YES;
				GCC_WARN_UNUSED_VARIABLE = YES;
				INFOPLIST_FILE = event/Info.plist;
				MACOSX_DEPLOYMENT_TARGET = 10.9;
				MTL_ENABLE_DEBUG_INFO = YES;
				ONLY_ACTIVE_ARCH = YES;
				PRODUCT_NAME = "$(TARGET_NAME)";
				SDKROOT = macosx;
			};
			name = Debug;
		};
		14A0519D1ACF2791000A0565 /* Release */ = {
			isa = XCBuildConfiguration;
			buildSettings = {
				ALWAYS_SEARCH_USER_PATHS = NO;
				CLANG_CXX_LANGUAGE_STANDARD = "gnu++0x";
				CLANG_CXX_LIBRARY = "libc++";
				CLANG_ENABLE_MODULES = YES;
				CLANG_ENABLE_OBJC_ARC = YES;
				CLANG_WARN_BOOL_CONVERSION = YES;
				CLANG_WARN_CONSTANT_CONVERSION = YES;
				CLANG_WARN_DIRECT_OBJC_ISA_USAGE = YES_ERROR;
				CLANG_WARN_EMPTY_BODY = YES;
				CLANG_WARN_ENUM_CONVERSION = YES;
				CLANG_WARN_INT_CONVERSION = YES;
				CLANG_WARN_OBJC_ROOT_CLASS = YES_ERROR;
				CLANG_WARN_UNREACHABLE_CODE = YES;
				CLANG_WARN__DUPLICATE_METHOD_MATCH = YES;
				COMBINE_HIDPI_IMAGES = YES;
				COPY_PHASE_STRIP = NO;
				DEBUG_INFORMATION_FORMAT = "dwarf-with-dsym";
				ENABLE_NS_ASSERTIONS = NO;
				ENABLE_STRICT_OBJC_MSGSEND = YES;
				GCC_C_LANGUAGE_STANDARD = gnu99;
				GCC_WARN_64_TO_32_BIT_CONVERSION = YES;
				GCC_WARN_ABOUT_RETURN_TYPE = YES_ERROR;
				GCC_WARN_UNDECLARED_SELECTOR = YES;
				GCC_WARN_UNINITIALIZED_AUTOS = YES_AGGRESSIVE;
				GCC_WARN_UNUSED_FUNCTION = YES;
				GCC_WARN_UNUSED_VARIABLE = YES;
				INFOPLIST_FILE = event/Info.plist;
				MACOSX_DEPLOYMENT_TARGET = 10.9;
				MTL_ENABLE_DEBUG_INFO = NO;
				PRODUCT_NAME = "$(TARGET_NAME)";
				SDKROOT = macosx;
			};
			name = Release;
		};
/* End XCBuildConfiguration section */

/* Begin XCConfigurationList section */
		14A051891ACD99F0000A0565 /* Build configuration list for PBXProject "sogmHans" */ = {
			isa = XCConfigurationList;
			buildConfigurations = (
				14A0518A1ACD99F0000A0565 /* Debug */,
				14A0518B1ACD99F0000A0565 /* Release */,
			);
			defaultConfigurationIsVisible = 0;
			defaultConfigurationName = Release;
		};
		14A0519B1ACF2791000A0565 /* Build configuration list for PBXNativeTarget "event" */ = {
			isa = XCConfigurationList;
			buildConfigurations = (
				14A0519C1ACF2791000A0565 /* Debug */,
				14A0519D1ACF2791000A0565 /* Release */,
			);
			defaultConfigurationIsVisible = 0;
			defaultConfigurationName = Release;
		};
/* End XCConfigurationList section */
	};
	rootObject = 14A051861ACD99F0000A0565 /* Project object */;
}
